<?xml version="1.0" encoding="utf-8"?>
<Project ToolsVersion="4.0" xmlns="http://schemas.microsoft.com/developer/msbuild/2003">
  <ItemGroup>
    <Filter Include="Source Files">
      <UniqueIdentifier>{4FC737F1-C7A5-4376-A066-2A32D752A2FF}</UniqueIdentifier>
      <Extensions>cpp;c;cc;cxx;def;odl;idl;hpj;bat;asm;asmx</Extensions>
    </Filter>
  </ItemGroup>
  <ItemGroup>
    <ClCompile Include="..\DoorOpenerSketch\AES128.cpp">
      <Filter>Source Files</Filter>
    </ClCompile>
    <ClCompile Include="..\DoorOpenerSketch\Classic.cpp">
      <Filter>Source Files</Filter>
    </ClCompile>
    <ClCompile Include="..\DoorOpenerSketch\DES.cpp">
      <Filter>Source Files</Filter>
    </ClCompile>
    <ClCompile Include="..\DoorOpenerSketch\Desfire.cpp">
      <Filter>Source Files</Filter>
    </ClCompile>
    <ClCompile Include="Main.cpp">
      <Filter>Source Files</Filter>
    </ClCompile>
    <ClCompile Include="..\DoorOpenerSketch\PN532.cpp">
      <Filter>Source Files</Filter>
    </ClCompile>
    <ClCompile Include="..\DoorOpenerSketch\Utils.cpp">
      <Filter>Source Files</Filter>
    </ClCompile>
  </ItemGroup>
  <ItemGroup>
    <ClInclude Include="..\DoorOpenerSketch\AES128.h">
      <Filter>Source Files</Filter>
    </ClInclude>
    <ClInclude Include="..\DoorOpenerSketch\Buffer.h">
      <Filter>Source Files</Filter>
    </ClInclude>
    <ClInclude Include="..\DoorOpenerSketch\Classic.h">
      <Filter>Source Files</Filter>
    </ClInclude>
    <ClInclude Include="..\DoorOpenerSketch\DES.h">
      <Filter>Source Files</Filter>
    </ClInclude>
    <ClInclude Include="..\DoorOpenerSketch\Desfire.h">
      <Filter>Source Files</Filter>
    </ClInclude>
    <ClInclude Include="..\DoorOpenerSketch\DesFireKey.h">
      <Filter>Source Files</Filter>
    </ClInclude>
    <ClInclude Include="..\DoorOpenerSketch\PN532.h">
      <Filter>Source Files</Filter>
    </ClInclude>
    <ClInclude Include="..\DoorOpenerSketch\Secrets.h">
      <Filter>Source Files</Filter>
    </ClInclude>
    <ClInclude Include="stdafx.h">
      <Filter>Source Files</Filter>
    </ClInclude>
    <ClInclude Include="..\DoorOpenerSketch\Utils.h">
      <Filter>Source Files</Filter>
    </ClInclude>
    <ClInclude Include="WinDefines.h">
      <Filter>Source Files</Filter>
    </ClInclude>
  </ItemGroup>
</Project>